
Microsoft Visual Studio Solution File, Format Version 12.00
# Visual Studio 15
Project("{FAE04EC0-301F-11D3-BF4B-00C04F79EFBC}") = "A-Star-Algorithm", "Assembly-CSharp.csproj", "{EBC83133-982E-9E62-907C-40A6F2EAC54D}"
EndProject
Global
	GlobalSection(SolutionConfigurationPlatforms) = preSolution
		Debug|Any CPU = Debug|Any CPU
		Release|Any CPU = Release|Any CPU
	EndGlobalSection
	GlobalSection(ProjectConfigurationPlatforms) = postSolution
		{EBC83133-982E-9E62-907C-40A6F2EAC54D}.Debug|Any CPU.ActiveCfg = Debug|Any CPU
		{EBC83133-982E-9E62-907C-40A6F2EAC54D}.Debug|Any CPU.Build.0 = Debug|Any CPU
		{EBC83133-982E-9E62-907C-40A6F2EAC54D}.Release|Any CPU.ActiveCfg = Release|Any CPU
		{EBC83133-982E-9E62-907C-40A6F2EAC54D}.Release|Any CPU.Build.0 = Release|Any CPU
	EndGlobalSection
	GlobalSection(SolutionProperties) = preSolution
		HideSolutionNode = FALSE
	EndGlobalSection
EndGlobal
